// !$*UTF8*$!
{
	archiveVersion = 1;
	classes = {
	};
	objectVersion = 46;
	objects = {

/* Begin PBXBuildFile section */
		9F0D7CF61E23F1D400DB00F3 /* AppDelegate.swift in Sources */ = {isa = PBXBuildFile; fileRef = 9F0D7CF51E23F1D400DB00F3 /* AppDelegate.swift */; };
		9F0D7CFD1E23F1D400DB00F3 /* Assets.xcassets in Resources */ = {isa = PBXBuildFile; fileRef = 9F0D7CFC1E23F1D400DB00F3 /* Assets.xcassets */; };
		9F0D7D001E23F1D400DB00F3 /* LaunchScreen.storyboard in Resources */ = {isa = PBXBuildFile; fileRef = 9F0D7CFE1E23F1D400DB00F3 /* LaunchScreen.storyboard */; };
		9F0D7D091E23F2B800DB00F3 /* AuthenticateTableController.swift in Sources */ = {isa = PBXBuildFile; fileRef = 9F0D7D071E23F2B800DB00F3 /* AuthenticateTableController.swift */; };
		9F0D7D0A1E23F2B800DB00F3 /* AuthenticateTableModel.swift in Sources */ = {isa = PBXBuildFile; fileRef = 9F0D7D081E23F2B800DB00F3 /* AuthenticateTableModel.swift */; };
		9F0D7D0F1E24019700DB00F3 /* GameKit.framework in Frameworks */ = {isa = PBXBuildFile; fileRef = 9F0D7D0E1E24019700DB00F3 /* GameKit.framework */; };
		9FC28BE91E3A1ED900D06654 /* GameView.swift in Sources */ = {isa = PBXBuildFile; fileRef = 9FC28BE81E3A1ED900D06654 /* GameView.swift */; };
		9FC28BEB1E3A200E00D06654 /* GameController.swift in Sources */ = {isa = PBXBuildFile; fileRef = 9FC28BEA1E3A200E00D06654 /* GameController.swift */; };
		9FC28BEE1E3A204F00D06654 /* Protocols.swift in Sources */ = {isa = PBXBuildFile; fileRef = 9FC28BED1E3A204F00D06654 /* Protocols.swift */; };
		9FC28BF21E3A23FE00D06654 /* Shape.swift in Sources */ = {isa = PBXBuildFile; fileRef = 9FC28BF11E3A23FE00D06654 /* Shape.swift */; };
		9FC28BF51E3A3B7700D06654 /* Network.swift in Sources */ = {isa = PBXBuildFile; fileRef = 9FC28BF41E3A3B7700D06654 /* Network.swift */; };
/* End PBXBuildFile section */

/* Begin PBXFileReference section */
		9F0D7CF21E23F1D400DB00F3 /* TestMatchmaker.app */ = {isa = PBXFileReference; explicitFileType = wrapper.application; includeInIndex = 0; path = TestMatchmaker.app; sourceTree = BUILT_PRODUCTS_DIR; };
		9F0D7CF51E23F1D400DB00F3 /* AppDelegate.swift */ = {isa = PBXFileReference; lastKnownFileType = sourcecode.swift; path = AppDelegate.swift; sourceTree = "<group>"; };
		9F0D7CFC1E23F1D400DB00F3 /* Assets.xcassets */ = {isa = PBXFileReference; lastKnownFileType = folder.assetcatalog; path = Assets.xcassets; sourceTree = "<group>"; };
		9F0D7CFF1E23F1D400DB00F3 /* Base */ = {isa = PBXFileReference; lastKnownFileType = file.storyboard; name = Base; path = Base.lproj/LaunchScreen.storyboard; sourceTree = "<group>"; };
		9F0D7D011E23F1D400DB00F3 /* Info.plist */ = {isa = PBXFileReference; lastKnownFileType = text.plist.xml; path = Info.plist; sourceTree = "<group>"; };
		9F0D7D071E23F2B800DB00F3 /* AuthenticateTableController.swift */ = {isa = PBXFileReference; fileEncoding = 4; lastKnownFileType = sourcecode.swift; path = AuthenticateTableController.swift; sourceTree = "<group>"; };
		9F0D7D081E23F2B800DB00F3 /* AuthenticateTableModel.swift */ = {isa = PBXFileReference; fileEncoding = 4; lastKnownFileType = sourcecode.swift; path = AuthenticateTableModel.swift; sourceTree = "<group>"; };
		9F0D7D0E1E24019700DB00F3 /* GameKit.framework */ = {isa = PBXFileReference; lastKnownFileType = wrapper.framework; name = GameKit.framework; path = System/Library/Frameworks/GameKit.framework; sourceTree = SDKROOT; };
		9FC28BE81E3A1ED900D06654 /* GameView.swift */ = {isa = PBXFileReference; fileEncoding = 4; lastKnownFileType = sourcecode.swift; path = GameView.swift; sourceTree = "<group>"; };
		9FC28BEA1E3A200E00D06654 /* GameController.swift */ = {isa = PBXFileReference; fileEncoding = 4; lastKnownFileType = sourcecode.swift; path = GameController.swift; sourceTree = "<group>"; };
		9FC28BED1E3A204F00D06654 /* Protocols.swift */ = {isa = PBXFileReference; fileEncoding = 4; lastKnownFileType = sourcecode.swift; path = Protocols.swift; sourceTree = "<group>"; };
		9FC28BF11E3A23FE00D06654 /* Shape.swift */ = {isa = PBXFileReference; fileEncoding = 4; lastKnownFileType = sourcecode.swift; path = Shape.swift; sourceTree = "<group>"; };
		9FC28BF41E3A3B7700D06654 /* Network.swift */ = {isa = PBXFileReference; fileEncoding = 4; lastKnownFileType = sourcecode.swift; path = Network.swift; sourceTree = "<group>"; };
/* End PBXFileReference section */

/* Begin PBXFrameworksBuildPhase section */
		9F0D7CEF1E23F1D400DB00F3 /* Frameworks */ = {
			isa = PBXFrameworksBuildPhase;
			buildActionMask = 2147483647;
			files = (
				9F0D7D0F1E24019700DB00F3 /* GameKit.framework in Frameworks */,
			);
			runOnlyForDeploymentPostprocessing = 0;
		};
/* End PBXFrameworksBuildPhase section */

/* Begin PBXGroup section */
		9F0D7CE91E23F1D400DB00F3 = {
			isa = PBXGroup;
			children = (
				9F0D7CF41E23F1D400DB00F3 /* TestMatchmaker */,
				9F0D7CF31E23F1D400DB00F3 /* Products */,
				9F0D7D0B1E23FE4D00DB00F3 /* Frameworks */,
			);
			sourceTree = "<group>";
		};
		9F0D7CF31E23F1D400DB00F3 /* Products */ = {
			isa = PBXGroup;
			children = (
				9F0D7CF21E23F1D400DB00F3 /* TestMatchmaker.app */,
			);
			name = Products;
			sourceTree = "<group>";
		};
		9F0D7CF41E23F1D400DB00F3 /* TestMatchmaker */ = {
			isa = PBXGroup;
			children = (
				9FC28BF31E3A3B5400D06654 /* Network */,
				9FC28BEC1E3A203900D06654 /* Protocols */,
				9FC28BE41E3A1D7A00D06654 /* Model */,
				9FC28BE71E3A1DCF00D06654 /* View */,
				9FC28BE51E3A1DB000D06654 /* Controller */,
				9F0D7CFC1E23F1D400DB00F3 /* Assets.xcassets */,
				9F0D7CFE1E23F1D400DB00F3 /* LaunchScreen.storyboard */,
				9F0D7D011E23F1D400DB00F3 /* Info.plist */,
			);
			path = TestMatchmaker;
			sourceTree = "<group>";
		};
		9F0D7D0B1E23FE4D00DB00F3 /* Frameworks */ = {
			isa = PBXGroup;
			children = (
				9F0D7D0E1E24019700DB00F3 /* GameKit.framework */,
			);
			name = Frameworks;
			sourceTree = "<group>";
		};
		9FC28BE41E3A1D7A00D06654 /* Model */ = {
			isa = PBXGroup;
			children = (
				9FC28BF11E3A23FE00D06654 /* Shape.swift */,
			);
			name = Model;
			sourceTree = "<group>";
		};
		9FC28BE51E3A1DB000D06654 /* Controller */ = {
			isa = PBXGroup;
			children = (
				9F0D7CF51E23F1D400DB00F3 /* AppDelegate.swift */,
				9FC28BEA1E3A200E00D06654 /* GameController.swift */,
				9FC28BE61E3A1DC300D06654 /* Authentication */,
			);
			name = Controller;
			sourceTree = "<group>";
		};
		9FC28BE61E3A1DC300D06654 /* Authentication */ = {
			isa = PBXGroup;
			children = (
				9F0D7D081E23F2B800DB00F3 /* AuthenticateTableModel.swift */,
				9F0D7D071E23F2B800DB00F3 /* AuthenticateTableController.swift */,
			);
			name = Authentication;
			sourceTree = "<group>";
		};
		9FC28BE71E3A1DCF00D06654 /* View */ = {
			isa = PBXGroup;
			children = (
				9FC28BE81E3A1ED900D06654 /* GameView.swift */,
			);
			name = View;
			sourceTree = "<group>";
		};
		9FC28BEC1E3A203900D06654 /* Protocols */ = {
			isa = PBXGroup;
			children = (
				9FC28BED1E3A204F00D06654 /* Protocols.swift */,
			);
			name = Protocols;
			sourceTree = "<group>";
		};
		9FC28BF31E3A3B5400D06654 /* Network */ = {
			isa = PBXGroup;
			children = (
				9FC28BF41E3A3B7700D06654 /* Network.swift */,
			);
			name = Network;
			sourceTree = "<group>";
		};
/* End PBXGroup section */

/* Begin PBXNativeTarget section */
		9F0D7CF11E23F1D400DB00F3 /* TestMatchmaker */ = {
			isa = PBXNativeTarget;
			buildConfigurationList = 9F0D7D041E23F1D400DB00F3 /* Build configuration list for PBXNativeTarget "TestMatchmaker" */;
			buildPhases = (
				9F0D7CEE1E23F1D400DB00F3 /* Sources */,
				9F0D7CEF1E23F1D400DB00F3 /* Frameworks */,
				9F0D7CF01E23F1D400DB00F3 /* Resources */,
			);
			buildRules = (
			);
			dependencies = (
			);
			name = TestMatchmaker;
			productName = TestMatchmaker;
			productReference = 9F0D7CF21E23F1D400DB00F3 /* TestMatchmaker.app */;
			productType = "com.apple.product-type.application";
		};
/* End PBXNativeTarget section */

/* Begin PBXProject section */
		9F0D7CEA1E23F1D400DB00F3 /* Project object */ = {
			isa = PBXProject;
			attributes = {
				LastSwiftUpdateCheck = 0820;
				LastUpgradeCheck = 0820;
				ORGANIZATIONNAME = shinigames;
				TargetAttributes = {
					9F0D7CF11E23F1D400DB00F3 = {
						CreatedOnToolsVersion = 8.2;
						DevelopmentTeam = P7U6FMRH9V;
						ProvisioningStyle = Automatic;
						SystemCapabilities = {
							com.apple.GameCenter = {
								enabled = 1;
							};
						};
					};
				};
			};
			buildConfigurationList = 9F0D7CED1E23F1D400DB00F3 /* Build configuration list for PBXProject "TestMatchmaker" */;
			compatibilityVersion = "Xcode 3.2";
			developmentRegion = English;
			hasScannedForEncodings = 0;
			knownRegions = (
				en,
				Base,
			);
			mainGroup = 9F0D7CE91E23F1D400DB00F3;
			productRefGroup = 9F0D7CF31E23F1D400DB00F3 /* Products */;
			projectDirPath = "";
			projectRoot = "";
			targets = (
				9F0D7CF11E23F1D400DB00F3 /* TestMatchmaker */,
			);
		};
/* End PBXProject section */

/* Begin PBXResourcesBuildPhase section */
		9F0D7CF01E23F1D400DB00F3 /* Resources */ = {
			isa = PBXResourcesBuildPhase;
			buildActionMask = 2147483647;
			files = (
				9F0D7D001E23F1D400DB00F3 /* LaunchScreen.storyboard in Resources */,
				9F0D7CFD1E23F1D400DB00F3 /* Assets.xcassets in Resources */,
			);
			runOnlyForDeploymentPostprocessing = 0;
		};
/* End PBXResourcesBuildPhase section */

/* Begin PBXSourcesBuildPhase section */
		9F0D7CEE1E23F1D400DB00F3 /* Sources */ = {
			isa = PBXSourcesBuildPhase;
			buildActionMask = 2147483647;
			files = (
				9F0D7CF61E23F1D400DB00F3 /* AppDelegate.swift in Sources */,
				9FC28BEB1E3A200E00D06654 /* GameController.swift in Sources */,
				9FC28BF51E3A3B7700D06654 /* Network.swift in Sources */,
				9F0D7D091E23F2B800DB00F3 /* AuthenticateTableController.swift in Sources */,
				9FC28BEE1E3A204F00D06654 /* Protocols.swift in Sources */,
				9FC28BE91E3A1ED900D06654 /* GameView.swift in Sources */,
				9F0D7D0A1E23F2B800DB00F3 /* AuthenticateTableModel.swift in Sources */,
				9FC28BF21E3A23FE00D06654 /* Shape.swift in Sources */,
			);
			runOnlyForDeploymentPostprocessing = 0;
		};
/* End PBXSourcesBuildPhase section */

/* Begin PBXVariantGroup section */
		9F0D7CFE1E23F1D400DB00F3 /* LaunchScreen.storyboard */ = {
			isa = PBXVariantGroup;
			children = (
				9F0D7CFF1E23F1D400DB00F3 /* Base */,
			);
			name = LaunchScreen.storyboard;
			sourceTree = "<group>";
		};
/* End PBXVariantGroup section */

/* Begin XCBuildConfiguration section */
		9F0D7D021E23F1D400DB00F3 /* Debug */ = {
			isa = XCBuildConfiguration;
			buildSettings = {
				ALWAYS_SEARCH_USER_PATHS = NO;
				CLANG_ANALYZER_NONNULL = YES;
				CLANG_CXX_LANGUAGE_STANDARD = "gnu++0x";
				CLANG_CXX_LIBRARY = "libc++";
				CLANG_ENABLE_MODULES = YES;
				CLANG_ENABLE_OBJC_ARC = YES;
				CLANG_WARN_BOOL_CONVERSION = YES;
				CLANG_WARN_CONSTANT_CONVERSION = YES;
				CLANG_WARN_DIRECT_OBJC_ISA_USAGE = YES_ERROR;
				CLANG_WARN_DOCUMENTATION_COMMENTS = YES;
				CLANG_WARN_EMPTY_BODY = YES;
				CLANG_WARN_ENUM_CONVERSION = YES;
				CLANG_WARN_INFINITE_RECURSION = YES;
				CLANG_WARN_INT_CONVERSION = YES;
				CLANG_WARN_OBJC_ROOT_CLASS = YES_ERROR;
				CLANG_WARN_SUSPICIOUS_MOVE = YES;
				CLANG_WARN_UNREACHABLE_CODE = YES;
				CLANG_WARN__DUPLICATE_METHOD_MATCH = YES;
				"CODE_SIGN_IDENTITY[sdk=iphoneos*]" = "iPhone Developer";
				COPY_PHASE_STRIP = NO;
				DEBUG_INFORMATION_FORMAT = dwarf;
				ENABLE_STRICT_OBJC_MSGSEND = YES;
				ENABLE_TESTABILITY = YES;
				GCC_C_LANGUAGE_STANDARD = gnu99;
				GCC_DYNAMIC_NO_PIC = NO;
				GCC_NO_COMMON_BLOCKS = YES;
				GCC_OPTIMIZATION_LEVEL = 0;
				GCC_PREPROCESSOR_DEFINITIONS = (
					"DEBUG=1",
					"$(inherited)",
				);
				GCC_WARN_64_TO_32_BIT_CONVERSION = YES;
				GCC_WARN_ABOUT_RETURN_TYPE = YES_ERROR;
				GCC_WARN_UNDECLARED_SELECTOR = YES;
				GCC_WARN_UNINITIALIZED_AUTOS = YES_AGGRESSIVE;
				GCC_WARN_UNUSED_FUNCTION = YES;
				GCC_WARN_UNUSED_VARIABLE = YES;
				IPHONEOS_DEPLOYMENT_TARGET = 10.2;
				MTL_ENABLE_DEBUG_INFO = YES;
				ONLY_ACTIVE_ARCH = YES;
				SDKROOT = iphoneos;
				SWIFT_ACTIVE_COMPILATION_CONDITIONS = DEBUG;
				SWIFT_OPTIMIZATION_LEVEL = "-Onone";
				TARGETED_DEVICE_FAMILY = "1,2";
			};
			name = Debug;
		};
		9F0D7D031E23F1D400DB00F3 /* Release */ = {
			isa = XCBuildConfiguration;
			buildSettings = {
				ALWAYS_SEARCH_USER_PATHS = NO;
				CLANG_ANALYZER_NONNULL = YES;
				CLANG_CXX_LANGUAGE_STANDARD = "gnu++0x";
				CLANG_CXX_LIBRARY = "libc++";
				CLANG_ENABLE_MODULES = YES;
				CLANG_ENABLE_OBJC_ARC = YES;
				CLANG_WARN_BOOL_CONVERSION = YES;
				CLANG_WARN_CONSTANT_CONVERSION = YES;
				CLANG_WARN_DIRECT_OBJC_ISA_USAGE = YES_ERROR;
				CLANG_WARN_DOCUMENTATION_COMMENTS = YES;
				CLANG_WARN_EMPTY_BODY = YES;
				CLANG_WARN_ENUM_CONVERSION = YES;
				CLANG_WARN_INFINITE_RECURSION = YES;
				CLANG_WARN_INT_CONVERSION = YES;
				CLANG_WARN_OBJC_ROOT_CLASS = YES_ERROR;
				CLANG_WARN_SUSPICIOUS_MOVE = YES;
				CLANG_WARN_UNREACHABLE_CODE = YES;
				CLANG_WARN__DUPLICATE_METHOD_MATCH = YES;
				"CODE_SIGN_IDENTITY[sdk=iphoneos*]" = "iPhone Developer";
				COPY_PHASE_STRIP = NO;
				DEBUG_INFORMATION_FORMAT = "dwarf-with-dsym";
				ENABLE_NS_ASSERTIONS = NO;
				ENABLE_STRICT_OBJC_MSGSEND = YES;
				GCC_C_LANGUAGE_STANDARD = gnu99;
				GCC_NO_COMMON_BLOCKS = YES;
				GCC_WARN_64_TO_32_BIT_CONVERSION = YES;
				GCC_WARN_ABOUT_RETURN_TYPE = YES_ERROR;
				GCC_WARN_UNDECLARED_SELECTOR = YES;
				GCC_WARN_UNINITIALIZED_AUTOS = YES_AGGRESSIVE;
				GCC_WARN_UNUSED_FUNCTION = YES;
				GCC_WARN_UNUSED_VARIABLE = YES;
				IPHONEOS_DEPLOYMENT_TARGET = 10.2;
				MTL_ENABLE_DEBUG_INFO = NO;
				SDKROOT = iphoneos;
				SWIFT_OPTIMIZATION_LEVEL = "-Owholemodule";
				TARGETED_DEVICE_FAMILY = "1,2";
				VALIDATE_PRODUCT = YES;
			};
			name = Release;
		};
		9F0D7D051E23F1D400DB00F3 /* Debug */ = {
			isa = XCBuildConfiguration;
			buildSettings = {
				ASSETCATALOG_COMPILER_APPICON_NAME = AppIcon;
				DEVELOPMENT_TEAM = P7U6FMRH9V;
				INFOPLIST_FILE = TestMatchmaker/Info.plist;
				IPHONEOS_DEPLOYMENT_TARGET = 9.0;
				LD_RUNPATH_SEARCH_PATHS = "$(inherited) @executable_path/Frameworks";
				PRODUCT_BUNDLE_IDENTIFIER = com.mtvdesignsoft.TestMatchmaker;
				PRODUCT_NAME = "$(TARGET_NAME)";
				SWIFT_VERSION = 3.0;
			};
			name = Debug;
		};
		9F0D7D061E23F1D400DB00F3 /* Release */ = {
			isa = XCBuildConfiguration;
			buildSettings = {
				ASSETCATALOG_COMPILER_APPICON_NAME = AppIcon;
				DEVELOPMENT_TEAM = P7U6FMRH9V;
				INFOPLIST_FILE = TestMatchmaker/Info.plist;
				IPHONEOS_DEPLOYMENT_TARGET = 9.0;
				LD_RUNPATH_SEARCH_PATHS = "$(inherited) @executable_path/Frameworks";
				PRODUCT_BUNDLE_IDENTIFIER = com.mtvdesignsoft.TestMatchmaker;
				PRODUCT_NAME = "$(TARGET_NAME)";
				SWIFT_VERSION = 3.0;
			};
			name = Release;
		};
/* End XCBuildConfiguration section */

/* Begin XCConfigurationList section */
		9F0D7CED1E23F1D400DB00F3 /* Build configuration list for PBXProject "TestMatchmaker" */ = {
			isa = XCConfigurationList;
			buildConfigurations = (
				9F0D7D021E23F1D400DB00F3 /* Debug */,
				9F0D7D031E23F1D400DB00F3 /* Release */,
			);
			defaultConfigurationIsVisible = 0;
			defaultConfigurationName = Release;
		};
		9F0D7D041E23F1D400DB00F3 /* Build configuration list for PBXNativeTarget "TestMatchmaker" */ = {
			isa = XCConfigurationList;
			buildConfigurations = (
				9F0D7D051E23F1D400DB00F3 /* Debug */,
				9F0D7D061E23F1D400DB00F3 /* Release */,
			);
			defaultConfigurationIsVisible = 0;
			defaultConfigurationName = Release;
		};
/* End XCConfigurationList section */
	};
	rootObject = 9F0D7CEA1E23F1D400DB00F3 /* Project object */;
}
